// !$*UTF8*$!
{
	archiveVersion = 1;
	classes = {
	};
	objectVersion = 46;
	objects = {

/* Begin PBXBuildFile section */
		2B47EB9414F0AE7A00371407 /* UIKit.framework in Frameworks */ = {isa = PBXBuildFile; fileRef = 2B47EB9314F0AE7A00371407 /* UIKit.framework */; };
		2B47EB9614F0AE7A00371407 /* Foundation.framework in Frameworks */ = {isa = PBXBuildFile; fileRef = 2B47EB9514F0AE7A00371407 /* Foundation.framework */; };
		2B47EB9814F0AE7A00371407 /* CoreGraphics.framework in Frameworks */ = {isa = PBXBuildFile; fileRef = 2B47EB9714F0AE7A00371407 /* CoreGraphics.framework */; };
		2B47EB9E14F0AE7A00371407 /* InfoPlist.strings in Resources */ = {isa = PBXBuildFile; fileRef = 2B47EB9C14F0AE7A00371407 /* InfoPlist.strings */; };
		2B47EBA014F0AE7A00371407 /* main.m in Sources */ = {isa = PBXBuildFile; fileRef = 2B47EB9F14F0AE7A00371407 /* main.m */; };
		2B47EBA414F0AE7A00371407 /* CTAppDelegate.m in Sources */ = {isa = PBXBuildFile; fileRef = 2B47EBA314F0AE7A00371407 /* CTAppDelegate.m */; };
		2B47EBAC14F0AE7A00371407 /* SenTestingKit.framework in Frameworks */ = {isa = PBXBuildFile; fileRef = 2B47EBAB14F0AE7A00371407 /* SenTestingKit.framework */; };
		2B47EBAD14F0AE7A00371407 /* UIKit.framework in Frameworks */ = {isa = PBXBuildFile; fileRef = 2B47EB9314F0AE7A00371407 /* UIKit.framework */; };
		2B47EBAE14F0AE7A00371407 /* Foundation.framework in Frameworks */ = {isa = PBXBuildFile; fileRef = 2B47EB9514F0AE7A00371407 /* Foundation.framework */; };
		2B47EBB614F0AE7A00371407 /* InfoPlist.strings in Resources */ = {isa = PBXBuildFile; fileRef = 2B47EBB414F0AE7A00371407 /* InfoPlist.strings */; };
		2B47EBB914F0AE7A00371407 /* CountTestTests.m in Sources */ = {isa = PBXBuildFile; fileRef = 2B47EBB814F0AE7A00371407 /* CountTestTests.m */; };
		2B47EBC414F0B5F000371407 /* Counter.m in Sources */ = {isa = PBXBuildFile; fileRef = 2B47EBC314F0B5F000371407 /* Counter.m */; };
/* End PBXBuildFile section */

/* Begin PBXContainerItemProxy section */
		2B47EBAF14F0AE7A00371407 /* PBXContainerItemProxy */ = {
			isa = PBXContainerItemProxy;
			containerPortal = 2B47EB8614F0AE7A00371407 /* Project object */;
			proxyType = 1;
			remoteGlobalIDString = 2B47EB8E14F0AE7A00371407;
			remoteInfo = CountTest;
		};
/* End PBXContainerItemProxy section */

/* Begin PBXFileReference section */
		2B47EB8F14F0AE7A00371407 /* CountTest.app */ = {isa = PBXFileReference; explicitFileType = wrapper.application; includeInIndex = 0; path = CountTest.app; sourceTree = BUILT_PRODUCTS_DIR; };
		2B47EB9314F0AE7A00371407 /* UIKit.framework */ = {isa = PBXFileReference; lastKnownFileType = wrapper.framework; name = UIKit.framework; path = System/Library/Frameworks/UIKit.framework; sourceTree = SDKROOT; };
		2B47EB9514F0AE7A00371407 /* Foundation.framework */ = {isa = PBXFileReference; lastKnownFileType = wrapper.framework; name = Foundation.framework; path = System/Library/Frameworks/Foundation.framework; sourceTree = SDKROOT; };
		2B47EB9714F0AE7A00371407 /* CoreGraphics.framework */ = {isa = PBXFileReference; lastKnownFileType = wrapper.framework; name = CoreGraphics.framework; path = System/Library/Frameworks/CoreGraphics.framework; sourceTree = SDKROOT; };
		2B47EB9B14F0AE7A00371407 /* CountTest-Info.plist */ = {isa = PBXFileReference; lastKnownFileType = text.plist.xml; path = "CountTest-Info.plist"; sourceTree = "<group>"; };
		2B47EB9D14F0AE7A00371407 /* en */ = {isa = PBXFileReference; lastKnownFileType = text.plist.strings; name = en; path = en.lproj/InfoPlist.strings; sourceTree = "<group>"; };
		2B47EB9F14F0AE7A00371407 /* main.m */ = {isa = PBXFileReference; lastKnownFileType = sourcecode.c.objc; path = main.m; sourceTree = "<group>"; };
		2B47EBA114F0AE7A00371407 /* CountTest-Prefix.pch */ = {isa = PBXFileReference; lastKnownFileType = sourcecode.c.h; path = "CountTest-Prefix.pch"; sourceTree = "<group>"; };
		2B47EBA214F0AE7A00371407 /* CTAppDelegate.h */ = {isa = PBXFileReference; lastKnownFileType = sourcecode.c.h; path = CTAppDelegate.h; sourceTree = "<group>"; };
		2B47EBA314F0AE7A00371407 /* CTAppDelegate.m */ = {isa = PBXFileReference; lastKnownFileType = sourcecode.c.objc; path = CTAppDelegate.m; sourceTree = "<group>"; };
		2B47EBAA14F0AE7A00371407 /* CountTestTests.octest */ = {isa = PBXFileReference; explicitFileType = wrapper.cfbundle; includeInIndex = 0; path = CountTestTests.octest; sourceTree = BUILT_PRODUCTS_DIR; };
		2B47EBAB14F0AE7A00371407 /* SenTestingKit.framework */ = {isa = PBXFileReference; lastKnownFileType = wrapper.framework; name = SenTestingKit.framework; path = Library/Frameworks/SenTestingKit.framework; sourceTree = DEVELOPER_DIR; };
		2B47EBB314F0AE7A00371407 /* CountTestTests-Info.plist */ = {isa = PBXFileReference; lastKnownFileType = text.plist.xml; path = "CountTestTests-Info.plist"; sourceTree = "<group>"; };
		2B47EBB514F0AE7A00371407 /* en */ = {isa = PBXFileReference; lastKnownFileType = text.plist.strings; name = en; path = en.lproj/InfoPlist.strings; sourceTree = "<group>"; };
		2B47EBB714F0AE7A00371407 /* CountTestTests.h */ = {isa = PBXFileReference; lastKnownFileType = sourcecode.c.h; path = CountTestTests.h; sourceTree = "<group>"; };
		2B47EBB814F0AE7A00371407 /* CountTestTests.m */ = {isa = PBXFileReference; lastKnownFileType = sourcecode.c.objc; path = CountTestTests.m; sourceTree = "<group>"; };
		2B47EBC214F0B5F000371407 /* Counter.h */ = {isa = PBXFileReference; fileEncoding = 4; lastKnownFileType = sourcecode.c.h; path = Counter.h; sourceTree = "<group>"; };
		2B47EBC314F0B5F000371407 /* Counter.m */ = {isa = PBXFileReference; fileEncoding = 4; lastKnownFileType = sourcecode.c.objc; path = Counter.m; sourceTree = "<group>"; };
/* End PBXFileReference section */

/* Begin PBXFrameworksBuildPhase section */
		2B47EB8C14F0AE7A00371407 /* Frameworks */ = {
			isa = PBXFrameworksBuildPhase;
			buildActionMask = 2147483647;
			files = (
				2B47EB9414F0AE7A00371407 /* UIKit.framework in Frameworks */,
				2B47EB9614F0AE7A00371407 /* Foundation.framework in Frameworks */,
				2B47EB9814F0AE7A00371407 /* CoreGraphics.framework in Frameworks */,
			);
			runOnlyForDeploymentPostprocessing = 0;
		};
		2B47EBA614F0AE7A00371407 /* Frameworks */ = {
			isa = PBXFrameworksBuildPhase;
			buildActionMask = 2147483647;
			files = (
				2B47EBAC14F0AE7A00371407 /* SenTestingKit.framework in Frameworks */,
				2B47EBAD14F0AE7A00371407 /* UIKit.framework in Frameworks */,
				2B47EBAE14F0AE7A00371407 /* Foundation.framework in Frameworks */,
			);
			runOnlyForDeploymentPostprocessing = 0;
		};
/* End PBXFrameworksBuildPhase section */

/* Begin PBXGroup section */
		2B47EB8414F0AE7A00371407 = {
			isa = PBXGroup;
			children = (
				2B47EB9914F0AE7A00371407 /* CountTest */,
				2B47EBB114F0AE7A00371407 /* CountTestTests */,
				2B47EB9214F0AE7A00371407 /* Frameworks */,
				2B47EB9014F0AE7A00371407 /* Products */,
			);
			sourceTree = "<group>";
		};
		2B47EB9014F0AE7A00371407 /* Products */ = {
			isa = PBXGroup;
			children = (
				2B47EB8F14F0AE7A00371407 /* CountTest.app */,
				2B47EBAA14F0AE7A00371407 /* CountTestTests.octest */,
			);
			name = Products;
			sourceTree = "<group>";
		};
		2B47EB9214F0AE7A00371407 /* Frameworks */ = {
			isa = PBXGroup;
			children = (
				2B47EB9314F0AE7A00371407 /* UIKit.framework */,
				2B47EB9514F0AE7A00371407 /* Foundation.framework */,
				2B47EB9714F0AE7A00371407 /* CoreGraphics.framework */,
				2B47EBAB14F0AE7A00371407 /* SenTestingKit.framework */,
			);
			name = Frameworks;
			sourceTree = "<group>";
		};
		2B47EB9914F0AE7A00371407 /* CountTest */ = {
			isa = PBXGroup;
			children = (
				2B47EBC214F0B5F000371407 /* Counter.h */,
				2B47EBC314F0B5F000371407 /* Counter.m */,
				2B47EBA214F0AE7A00371407 /* CTAppDelegate.h */,
				2B47EBA314F0AE7A00371407 /* CTAppDelegate.m */,
				2B47EB9A14F0AE7A00371407 /* Supporting Files */,
			);
			path = CountTest;
			sourceTree = "<group>";
		};
		2B47EB9A14F0AE7A00371407 /* Supporting Files */ = {
			isa = PBXGroup;
			children = (
				2B47EB9B14F0AE7A00371407 /* CountTest-Info.plist */,
				2B47EB9C14F0AE7A00371407 /* InfoPlist.strings */,
				2B47EB9F14F0AE7A00371407 /* main.m */,
				2B47EBA114F0AE7A00371407 /* CountTest-Prefix.pch */,
			);
			name = "Supporting Files";
			sourceTree = "<group>";
		};
		2B47EBB114F0AE7A00371407 /* CountTestTests */ = {
			isa = PBXGroup;
			children = (
				2B47EBB714F0AE7A00371407 /* CountTestTests.h */,
				2B47EBB814F0AE7A00371407 /* CountTestTests.m */,
				2B47EBB214F0AE7A00371407 /* Supporting Files */,
			);
			path = CountTestTests;
			sourceTree = "<group>";
		};
		2B47EBB214F0AE7A00371407 /* Supporting Files */ = {
			isa = PBXGroup;
			children = (
				2B47EBB314F0AE7A00371407 /* CountTestTests-Info.plist */,
				2B47EBB414F0AE7A00371407 /* InfoPlist.strings */,
			);
			name = "Supporting Files";
			sourceTree = "<group>";
		};
/* End PBXGroup section */

/* Begin PBXNativeTarget section */
		2B47EB8E14F0AE7A00371407 /* CountTest */ = {
			isa = PBXNativeTarget;
			buildConfigurationList = 2B47EBBC14F0AE7B00371407 /* Build configuration list for PBXNativeTarget "CountTest" */;
			buildPhases = (
				2B47EB8B14F0AE7A00371407 /* Sources */,
				2B47EB8C14F0AE7A00371407 /* Frameworks */,
				2B47EB8D14F0AE7A00371407 /* Resources */,
			);
			buildRules = (
			);
			dependencies = (
			);
			name = CountTest;
			productName = CountTest;
			productReference = 2B47EB8F14F0AE7A00371407 /* CountTest.app */;
			productType = "com.apple.product-type.application";
		};
		2B47EBA914F0AE7A00371407 /* CountTestTests */ = {
			isa = PBXNativeTarget;
			buildConfigurationList = 2B47EBBF14F0AE7B00371407 /* Build configuration list for PBXNativeTarget "CountTestTests" */;
			buildPhases = (
				2B47EBA514F0AE7A00371407 /* Sources */,
				2B47EBA614F0AE7A00371407 /* Frameworks */,
				2B47EBA714F0AE7A00371407 /* Resources */,
				2B47EBA814F0AE7A00371407 /* ShellScript */,
			);
			buildRules = (
			);
			dependencies = (
				2B47EBB014F0AE7A00371407 /* PBXTargetDependency */,
			);
			name = CountTestTests;
			productName = CountTestTests;
			productReference = 2B47EBAA14F0AE7A00371407 /* CountTestTests.octest */;
			productType = "com.apple.product-type.bundle";
		};
/* End PBXNativeTarget section */

/* Begin PBXProject section */
		2B47EB8614F0AE7A00371407 /* Project object */ = {
			isa = PBXProject;
			attributes = {
				LastUpgradeCheck = 0430;
			};
			buildConfigurationList = 2B47EB8914F0AE7A00371407 /* Build configuration list for PBXProject "CountTest" */;
			compatibilityVersion = "Xcode 3.2";
			developmentRegion = English;
			hasScannedForEncodings = 0;
			knownRegions = (
				en,
			);
			mainGroup = 2B47EB8414F0AE7A00371407;
			productRefGroup = 2B47EB9014F0AE7A00371407 /* Products */;
			projectDirPath = "";
			projectRoot = "";
			targets = (
				2B47EB8E14F0AE7A00371407 /* CountTest */,
				2B47EBA914F0AE7A00371407 /* CountTestTests */,
			);
		};
/* End PBXProject section */

/* Begin PBXResourcesBuildPhase section */
		2B47EB8D14F0AE7A00371407 /* Resources */ = {
			isa = PBXResourcesBuildPhase;
			buildActionMask = 2147483647;
			files = (
				2B47EB9E14F0AE7A00371407 /* InfoPlist.strings in Resources */,
			);
			runOnlyForDeploymentPostprocessing = 0;
		};
		2B47EBA714F0AE7A00371407 /* Resources */ = {
			isa = PBXResourcesBuildPhase;
			buildActionMask = 2147483647;
			files = (
				2B47EBB614F0AE7A00371407 /* InfoPlist.strings in Resources */,
			);
			runOnlyForDeploymentPostprocessing = 0;
		};
/* End PBXResourcesBuildPhase section */

/* Begin PBXShellScriptBuildPhase section */
		2B47EBA814F0AE7A00371407 /* ShellScript */ = {
			isa = PBXShellScriptBuildPhase;
			buildActionMask = 2147483647;
			files = (
			);
			inputPaths = (
			);
			outputPaths = (
			);
			runOnlyForDeploymentPostprocessing = 0;
			shellPath = /bin/sh;
			shellScript = "# Run the unit tests in this test bundle.\n\"${SYSTEM_DEVELOPER_DIR}/Tools/RunUnitTests\"\n";
		};
/* End PBXShellScriptBuildPhase section */

/* Begin PBXSourcesBuildPhase section */
		2B47EB8B14F0AE7A00371407 /* Sources */ = {
			isa = PBXSourcesBuildPhase;
			buildActionMask = 2147483647;
			files = (
				2B47EBA014F0AE7A00371407 /* main.m in Sources */,
				2B47EBA414F0AE7A00371407 /* CTAppDelegate.m in Sources */,
				2B47EBC414F0B5F000371407 /* Counter.m in Sources */,
			);
			runOnlyForDeploymentPostprocessing = 0;
		};
		2B47EBA514F0AE7A00371407 /* Sources */ = {
			isa = PBXSourcesBuildPhase;
			buildActionMask = 2147483647;
			files = (
				2B47EBB914F0AE7A00371407 /* CountTestTests.m in Sources */,
			);
			runOnlyForDeploymentPostprocessing = 0;
		};
/* End PBXSourcesBuildPhase section */

/* Begin PBXTargetDependency section */
		2B47EBB014F0AE7A00371407 /* PBXTargetDependency */ = {
			isa = PBXTargetDependency;
			target = 2B47EB8E14F0AE7A00371407 /* CountTest */;
			targetProxy = 2B47EBAF14F0AE7A00371407 /* PBXContainerItemProxy */;
		};
/* End PBXTargetDependency section */

/* Begin PBXVariantGroup section */
		2B47EB9C14F0AE7A00371407 /* InfoPlist.strings */ = {
			isa = PBXVariantGroup;
			children = (
				2B47EB9D14F0AE7A00371407 /* en */,
			);
			name = InfoPlist.strings;
			sourceTree = "<group>";
		};
		2B47EBB414F0AE7A00371407 /* InfoPlist.strings */ = {
			isa = PBXVariantGroup;
			children = (
				2B47EBB514F0AE7A00371407 /* en */,
			);
			name = InfoPlist.strings;
			sourceTree = "<group>";
		};
/* End PBXVariantGroup section */

/* Begin XCBuildConfiguration section */
		2B47EBBA14F0AE7A00371407 /* Debug */ = {
			isa = XCBuildConfiguration;
			buildSettings = {
				ALWAYS_SEARCH_USER_PATHS = NO;
				ARCHS = "$(ARCHS_STANDARD_32_BIT)";
				"CODE_SIGN_IDENTITY[sdk=iphoneos*]" = "iPhone Developer";
				COPY_PHASE_STRIP = NO;
				GCC_C_LANGUAGE_STANDARD = gnu99;
				GCC_DYNAMIC_NO_PIC = NO;
				GCC_OPTIMIZATION_LEVEL = 0;
				GCC_PREPROCESSOR_DEFINITIONS = (
					"DEBUG=1",
					"$(inherited)",
				);
				GCC_SYMBOLS_PRIVATE_EXTERN = NO;
				GCC_VERSION = com.apple.compilers.llvm.clang.1_0;
				GCC_WARN_ABOUT_MISSING_PROTOTYPES = YES;
				GCC_WARN_ABOUT_RETURN_TYPE = YES;
				GCC_WARN_UNUSED_VARIABLE = YES;
				IPHONEOS_DEPLOYMENT_TARGET = 5.1;
				SDKROOT = iphoneos;
			};
			name = Debug;
		};
		2B47EBBB14F0AE7A00371407 /* Release */ = {
			isa = XCBuildConfiguration;
			buildSettings = {
				ALWAYS_SEARCH_USER_PATHS = NO;
				ARCHS = "$(ARCHS_STANDARD_32_BIT)";
				"CODE_SIGN_IDENTITY[sdk=iphoneos*]" = "iPhone Developer";
				COPY_PHASE_STRIP = YES;
				GCC_C_LANGUAGE_STANDARD = gnu99;
				GCC_VERSION = com.apple.compilers.llvm.clang.1_0;
				GCC_WARN_ABOUT_MISSING_PROTOTYPES = YES;
				GCC_WARN_ABOUT_RETURN_TYPE = YES;
				GCC_WARN_UNUSED_VARIABLE = YES;
				IPHONEOS_DEPLOYMENT_TARGET = 5.1;
				OTHER_CFLAGS = "-DNS_BLOCK_ASSERTIONS=1";
				SDKROOT = iphoneos;
				VALIDATE_PRODUCT = YES;
			};
			name = Release;
		};
		2B47EBBD14F0AE7B00371407 /* Debug */ = {
			isa = XCBuildConfiguration;
			buildSettings = {
				GCC_PRECOMPILE_PREFIX_HEADER = YES;
				GCC_PREFIX_HEADER = "CountTest/CountTest-Prefix.pch";
				INFOPLIST_FILE = "CountTest/CountTest-Info.plist";
				PRODUCT_NAME = "$(TARGET_NAME)";
				WRAPPER_EXTENSION = app;
			};
			name = Debug;
		};
		2B47EBBE14F0AE7B00371407 /* Release */ = {
			isa = XCBuildConfiguration;
			buildSettings = {
				GCC_PRECOMPILE_PREFIX_HEADER = YES;
				GCC_PREFIX_HEADER = "CountTest/CountTest-Prefix.pch";
				INFOPLIST_FILE = "CountTest/CountTest-Info.plist";
				PRODUCT_NAME = "$(TARGET_NAME)";
				WRAPPER_EXTENSION = app;
			};
			name = Release;
		};
		2B47EBC014F0AE7B00371407 /* Debug */ = {
			isa = XCBuildConfiguration;
			buildSettings = {
				BUNDLE_LOADER = "$(BUILT_PRODUCTS_DIR)/CountTest.app/CountTest";
				FRAMEWORK_SEARCH_PATHS = (
					"$(SDKROOT)/Developer/Library/Frameworks",
					"$(DEVELOPER_LIBRARY_DIR)/Frameworks",
				);
				GCC_PRECOMPILE_PREFIX_HEADER = YES;
				GCC_PREFIX_HEADER = "CountTest/CountTest-Prefix.pch";
				INFOPLIST_FILE = "CountTestTests/CountTestTests-Info.plist";
				PRODUCT_NAME = "$(TARGET_NAME)";
				TEST_HOST = "$(BUNDLE_LOADER)";
				WRAPPER_EXTENSION = octest;
			};
			name = Debug;
		};
		2B47EBC114F0AE7B00371407 /* Release */ = {
			isa = XCBuildConfiguration;
			buildSettings = {
				BUNDLE_LOADER = "$(BUILT_PRODUCTS_DIR)/CountTest.app/CountTest";
				FRAMEWORK_SEARCH_PATHS = (
					"$(SDKROOT)/Developer/Library/Frameworks",
					"$(DEVELOPER_LIBRARY_DIR)/Frameworks",
				);
				GCC_PRECOMPILE_PREFIX_HEADER = YES;
				GCC_PREFIX_HEADER = "CountTest/CountTest-Prefix.pch";
				INFOPLIST_FILE = "CountTestTests/CountTestTests-Info.plist";
				PRODUCT_NAME = "$(TARGET_NAME)";
				TEST_HOST = "$(BUNDLE_LOADER)";
				WRAPPER_EXTENSION = octest;
			};
			name = Release;
		};
/* End XCBuildConfiguration section */

/* Begin XCConfigurationList section */
		2B47EB8914F0AE7A00371407 /* Build configuration list for PBXProject "CountTest" */ = {
			isa = XCConfigurationList;
			buildConfigurations = (
				2B47EBBA14F0AE7A00371407 /* Debug */,
				2B47EBBB14F0AE7A00371407 /* Release */,
			);
			defaultConfigurationIsVisible = 0;
			defaultConfigurationName = Release;
		};
		2B47EBBC14F0AE7B00371407 /* Build configuration list for PBXNativeTarget "CountTest" */ = {
			isa = XCConfigurationList;
			buildConfigurations = (
				2B47EBBD14F0AE7B00371407 /* Debug */,
				2B47EBBE14F0AE7B00371407 /* Release */,
			);
			defaultConfigurationIsVisible = 0;
		};
		2B47EBBF14F0AE7B00371407 /* Build configuration list for PBXNativeTarget "CountTestTests" */ = {
			isa = XCConfigurationList;
			buildConfigurations = (
				2B47EBC014F0AE7B00371407 /* Debug */,
				2B47EBC114F0AE7B00371407 /* Release */,
			);
			defaultConfigurationIsVisible = 0;
		};
/* End XCConfigurationList section */
	};
	rootObject = 2B47EB8614F0AE7A00371407 /* Project object */;
}
